{
  "version": 4,
  "terraform_version": "1.11.4",
  "serial": 28,
  "lineage": "8fab11bd-7745-8993-75d8-b9fa5a2491fe",
  "outputs": {
    "security_group": {
      "value": "sg-06c5fc52d6d73e51d",
      "type": "string"
    }
  },
  "resources": [
    {
      "mode": "managed",
      "type": "aws_eks_addon",
      "name": "ekf_kube_proxy",
      "provider": "provider[\"registry.terraform.io/hashicorp/aws\"]",
      "instances": [
        {
          "schema_version": 0,
          "attributes": {
            "addon_name": "kube-proxy",
            "addon_version": "v1.33.0-eksbuild.2",
            "arn": "arn:aws:eks:ap-southeast-1:565855172450:addon/testing_k8s/kube-proxy/04cc033c-97f5-5faa-1c49-5de4527513f9",
            "cluster_name": "testing_k8s",
            "configuration_values": "",
            "created_at": "2025-07-14T01:07:42Z",
            "id": "testing_k8s:kube-proxy",
            "modified_at": "2025-07-14T01:10:49Z",
            "pod_identity_association": [],
            "preserve": null,
            "region": "ap-southeast-1",
            "resolve_conflicts_on_create": null,
            "resolve_conflicts_on_update": null,
            "service_account_role_arn": "",
            "tags": {},
            "tags_all": {},
            "timeouts": null
          },
          "sensitive_attributes": [],
          "private": "eyJlMmJmYjczMC1lY2FhLTExZTYtOGY4OC0zNDM2M2JjN2M0YzAiOnsiY3JlYXRlIjoxMjAwMDAwMDAwMDAwLCJkZWxldGUiOjI0MDAwMDAwMDAwMDAsInVwZGF0ZSI6MTIwMDAwMDAwMDAwMH19",
          "dependencies": [
            "aws_eks_cluster.main_eks",
            "aws_iam_role.cluster_role",
            "aws_iam_role_policy_attachment.eks_cluster_policy",
            "aws_security_group.eks_SG"
          ]
        }
      ]
    },
    {
      "mode": "managed",
      "type": "aws_eks_addon",
      "name": "eks_coredns",
      "provider": "provider[\"registry.terraform.io/hashicorp/aws\"]",
      "instances": [
        {
          "schema_version": 0,
          "attributes": {
            "addon_name": "coredns",
            "addon_version": "v1.11.4-eksbuild.2",
            "arn": "arn:aws:eks:ap-southeast-1:565855172450:addon/testing_k8s/coredns/44cc0829-fda9-e794-634f-9b4b0e932518",
            "cluster_name": "testing_k8s",
            "configuration_values": "",
            "created_at": "2025-07-15T23:03:16Z",
            "id": "testing_k8s:coredns",
            "modified_at": "2025-07-15T23:03:30Z",
            "pod_identity_association": [],
            "preserve": null,
            "region": "ap-southeast-1",
            "resolve_conflicts_on_create": null,
            "resolve_conflicts_on_update": "PRESERVE",
            "service_account_role_arn": "",
            "tags": null,
            "tags_all": {},
            "timeouts": null
          },
          "sensitive_attributes": [],
          "private": "eyJlMmJmYjczMC1lY2FhLTExZTYtOGY4OC0zNDM2M2JjN2M0YzAiOnsiY3JlYXRlIjoxMjAwMDAwMDAwMDAwLCJkZWxldGUiOjI0MDAwMDAwMDAwMDAsInVwZGF0ZSI6MTIwMDAwMDAwMDAwMH19",
          "dependencies": [
            "aws_eks_cluster.main_eks",
            "aws_eks_node_group.main_node_group",
            "aws_iam_role.cluster_role",
            "aws_iam_role.node_role",
            "aws_iam_role_policy_attachment.eks_cluster_policy",
            "aws_iam_role_policy_attachment.eks_node_policy",
            "aws_security_group.eks_SG"
          ]
        }
      ]
    },
    {
      "mode": "managed",
      "type": "aws_eks_addon",
      "name": "eks_vpc_cni",
      "provider": "provider[\"registry.terraform.io/hashicorp/aws\"]",
      "instances": [
        {
          "schema_version": 0,
          "attributes": {
            "addon_name": "vpc-cni",
            "addon_version": "v1.19.5-eksbuild.1",
            "arn": "arn:aws:eks:ap-southeast-1:565855172450:addon/testing_k8s/vpc-cni/0ecc082a-0133-4422-4407-c7b69cbef024",
            "cluster_name": "testing_k8s",
            "configuration_values": "",
            "created_at": "2025-07-15T23:03:18Z",
            "id": "testing_k8s:vpc-cni",
            "modified_at": "2025-07-15T23:03:56Z",
            "pod_identity_association": [],
            "preserve": null,
            "region": "ap-southeast-1",
            "resolve_conflicts_on_create": null,
            "resolve_conflicts_on_update": null,
            "service_account_role_arn": "",
            "tags": null,
            "tags_all": {},
            "timeouts": null
          },
          "sensitive_attributes": [],
          "private": "eyJlMmJmYjczMC1lY2FhLTExZTYtOGY4OC0zNDM2M2JjN2M0YzAiOnsiY3JlYXRlIjoxMjAwMDAwMDAwMDAwLCJkZWxldGUiOjI0MDAwMDAwMDAwMDAsInVwZGF0ZSI6MTIwMDAwMDAwMDAwMH19",
          "dependencies": [
            "aws_eks_addon.pod_identity_agent",
            "aws_eks_cluster.main_eks",
            "aws_eks_node_group.main_node_group",
            "aws_eks_pod_identity_association.vpc_cni",
            "aws_iam_role.cluster_role",
            "aws_iam_role.node_role",
            "aws_iam_role.vpc_cni_pod_identity_role",
            "aws_iam_role_policy_attachment.eks_cluster_policy",
            "aws_iam_role_policy_attachment.eks_node_policy",
            "aws_security_group.eks_SG"
          ]
        }
      ]
    },
    {
      "mode": "managed",
      "type": "aws_eks_addon",
      "name": "pod_identity_agent",
      "provider": "provider[\"registry.terraform.io/hashicorp/aws\"]",
      "instances": [
        {
          "schema_version": 0,
          "attributes": {
            "addon_name": "eks-pod-identity-agent",
            "addon_version": "v1.3.7-eksbuild.2",
            "arn": "arn:aws:eks:ap-southeast-1:565855172450:addon/testing_k8s/eks-pod-identity-agent/4ecc033c-97fc-3ff2-8a95-7605bc409448",
            "cluster_name": "testing_k8s",
            "configuration_values": "",
            "created_at": "2025-07-14T01:07:42Z",
            "id": "testing_k8s:eks-pod-identity-agent",
            "modified_at": "2025-07-14T01:07:48Z",
            "pod_identity_association": [],
            "preserve": null,
            "region": "ap-southeast-1",
            "resolve_conflicts_on_create": null,
            "resolve_conflicts_on_update": null,
            "service_account_role_arn": "",
            "tags": {},
            "tags_all": {},
            "timeouts": null
          },
          "sensitive_attributes": [],
          "private": "eyJlMmJmYjczMC1lY2FhLTExZTYtOGY4OC0zNDM2M2JjN2M0YzAiOnsiY3JlYXRlIjoxMjAwMDAwMDAwMDAwLCJkZWxldGUiOjI0MDAwMDAwMDAwMDAsInVwZGF0ZSI6MTIwMDAwMDAwMDAwMH19",
          "dependencies": [
            "aws_eks_cluster.main_eks",
            "aws_iam_role.cluster_role",
            "aws_iam_role_policy_attachment.eks_cluster_policy",
            "aws_security_group.eks_SG"
          ]
        }
      ]
    },
    {
      "mode": "managed",
      "type": "aws_eks_cluster",
      "name": "main_eks",
      "provider": "provider[\"registry.terraform.io/hashicorp/aws\"]",
      "instances": [
        {
          "schema_version": 1,
          "attributes": {
            "access_config": [
              {
                "authentication_mode": "CONFIG_MAP",
                "bootstrap_cluster_creator_admin_permissions": true
              }
            ],
            "arn": "arn:aws:eks:ap-southeast-1:565855172450:cluster/testing_k8s",
            "bootstrap_self_managed_addons": true,
            "certificate_authority": [
              {
                "data": "LS0tLS1CRUdJTiBDRVJUSUZJQ0FURS0tLS0tCk1JSURCVENDQWUyZ0F3SUJBZ0lJWHdxV2xhaEMxUnN3RFFZSktvWklodmNOQVFFTEJRQXdGVEVUTUJFR0ExVUUKQXhNS2EzVmlaWEp1WlhSbGN6QWVGdzB5TlRBM01UUXdNRFU0TXpWYUZ3MHpOVEEzTVRJd01UQXpNelZhTUJVeApFekFSQmdOVkJBTVRDbXQxWW1WeWJtVjBaWE13Z2dFaU1BMEdDU3FHU0liM0RRRUJBUVVBQTRJQkR3QXdnZ0VLCkFvSUJBUURHVEhOUUVLanJEeFlLOFVKWk1EZ0o5eHRzdWJjblY5S1Nsc0lPZ1dwT1J4V2FjYmNncGVwVWkvTnkKdkdOSDZ0RXc3eDNzOUZ0elNuM0ZBRmhmUWxxbER1R0ZMZVllMndzdzZpWDNRL0tHZWI5eHM2d2ZiVmMvajFnVAo1S1ZzZTg5MmtNcmsxWkZxZkZxb0R1Uno2ODFybVpzV3ZiWUVLbWYzcFk3cUpOZVhiSXhHWEJvV2c0UDFZTnVwCmpRbTRwa0JDVkxRTXJ5cXZaS0ZhK3Urc3g5dllWdnBYMmRhU0NnWjcvYWUvZFV4ODJTNnphSE1oSGpyU210VGkKdFBxVmM5V1orbEliN2ZmUnhBRXVpdi9kV2RBRnRqei9jZGkwWS8rRDFLMnRhUmpSNDZxdGg3T3VwVUFwdytsawpXbVppM2ozYTNjaGZCbFpsQkhrN0NhWnozRDFSQWdNQkFBR2pXVEJYTUE0R0ExVWREd0VCL3dRRUF3SUNwREFQCkJnTlZIUk1CQWY4RUJUQURBUUgvTUIwR0ExVWREZ1FXQkJRYWpLeDMwQnEyV3hMWXVWRnZ5L0l3MU56SlBUQVYKQmdOVkhSRUVEakFNZ2dwcmRXSmxjbTVsZEdWek1BMEdDU3FHU0liM0RRRUJDd1VBQTRJQkFRQ04zN3YyaTl1QwozR2ZraTRxTC8xM3pkeGEzS3RVSG1hYmhQOXRmWEtSRnFMYTNCRWptZUx5SFh1TjdCMzdkSXNmZHkwM0ZZbzhXCjFyNTFNK1RXTVhDbTlrbjZoai9GMW5mNzdaZ25Za2JHd3d6bWk1WGl5TjExWUlsWEpoMWM0eXpZdnlMcW51QTcKazhVV1dWVXpTdjRNRjR1MTkyd1ZLMFM0a0YyS2VDRWJFclFZRnRNSHVyNGo4VFFZc3dzKzBGbVVnSi9STURyWgo5VWVORVMrQjZnUDdJU2M0S1V1SUhDOExRdjNXejUyMC9TRzYvNGtyRXpVc2VLZTFwRXBvVlJmR0Yyc2VNZkJHCk8vQjJ4UDF4eUVSejdpb3J4OU1FNHlldHRrekNTdkVoSG5VN3BNK3l4V3NRQWwydFR6cW0wL1R4blJRTGMxeE4KTzIxYmlLSzlSZThnCi0tLS0tRU5EIENFUlRJRklDQVRFLS0tLS0K"
              }
            ],
            "cluster_id": null,
            "compute_config": [],
            "created_at": "2025-07-14T00:59:29Z",
            "enabled_cluster_log_types": [],
            "encryption_config": [],
            "endpoint": "https://530258EEC1D1FBF351697DE5F470881D.yl4.ap-southeast-1.eks.amazonaws.com",
            "force_update_version": null,
            "id": "testing_k8s",
            "identity": [
              {
                "oidc": [
                  {
                    "issuer": "https://oidc.eks.ap-southeast-1.amazonaws.com/id/530258EEC1D1FBF351697DE5F470881D"
                  }
                ]
              }
            ],
            "kubernetes_network_config": [
              {
                "elastic_load_balancing": [
                  {
                    "enabled": false
                  }
                ],
                "ip_family": "ipv4",
                "service_ipv4_cidr": "172.20.0.0/16",
                "service_ipv6_cidr": ""
              }
            ],
            "name": "testing_k8s",
            "outpost_config": [],
            "platform_version": "eks.6",
            "region": "ap-southeast-1",
            "remote_network_config": [],
            "role_arn": "arn:aws:iam::565855172450:role/Terraform_EKS_Cluster_Role",
            "status": "ACTIVE",
            "storage_config": [],
            "tags": {},
            "tags_all": {},
            "timeouts": null,
            "upgrade_policy": [
              {
                "support_type": "EXTENDED"
              }
            ],
            "version": "1.33",
            "vpc_config": [
              {
                "cluster_security_group_id": "sg-06c41b5d115161c08",
                "endpoint_private_access": true,
                "endpoint_public_access": true,
                "public_access_cidrs": [
                  "0.0.0.0/0"
                ],
                "security_group_ids": [
                  "sg-06c5fc52d6d73e51d"
                ],
                "subnet_ids": [
                  "subnet-06810573ce87e4c90",
                  "subnet-0bf6d526c3921623f"
                ],
                "vpc_id": "vpc-03ef2d5b99ca1aedc"
              }
            ],
            "zonal_shift_config": []
          },
          "sensitive_attributes": [],
          "private": "eyJlMmJmYjczMC1lY2FhLTExZTYtOGY4OC0zNDM2M2JjN2M0YzAiOnsiY3JlYXRlIjoxODAwMDAwMDAwMDAwLCJkZWxldGUiOjkwMDAwMDAwMDAwMCwidXBkYXRlIjozNjAwMDAwMDAwMDAwfSwic2NoZW1hX3ZlcnNpb24iOiIxIn0=",
          "dependencies": [
            "aws_iam_role.cluster_role",
            "aws_iam_role_policy_attachment.eks_cluster_policy",
            "aws_security_group.eks_SG"
          ]
        }
      ]
    },
    {
      "mode": "managed",
      "type": "aws_eks_node_group",
      "name": "main_node_group",
      "provider": "provider[\"registry.terraform.io/hashicorp/aws\"]",
      "instances": [
        {
          "schema_version": 0,
          "attributes": {
            "ami_type": "AL2023_x86_64_STANDARD",
            "arn": "arn:aws:eks:ap-southeast-1:565855172450:nodegroup/testing_k8s/test-node-group/5ccc0829-1b40-8f93-8228-8f1627535cef",
            "capacity_type": "ON_DEMAND",
            "cluster_name": "testing_k8s",
            "disk_size": 30,
            "force_update_version": null,
            "id": "testing_k8s:test-node-group",
            "instance_types": [
              "t3.medium"
            ],
            "labels": null,
            "launch_template": [],
            "node_group_name": "test-node-group",
            "node_group_name_prefix": "",
            "node_repair_config": [],
            "node_role_arn": "arn:aws:iam::565855172450:role/Terraform_EKS_Node_Role",
            "region": "ap-southeast-1",
            "release_version": "1.33.0-20250704",
            "remote_access": [],
            "resources": [
              {
                "autoscaling_groups": [
                  {
                    "name": "eks-test-node-group-5ccc0829-1b40-8f93-8228-8f1627535cef"
                  }
                ],
                "remote_access_security_group_id": ""
              }
            ],
            "scaling_config": [
              {
                "desired_size": 2,
                "max_size": 4,
                "min_size": 1
              }
            ],
            "status": "ACTIVE",
            "subnet_ids": [
              "subnet-06810573ce87e4c90",
              "subnet-0bf6d526c3921623f"
            ],
            "tags": null,
            "tags_all": {},
            "taint": [],
            "timeouts": null,
            "update_config": [
              {
                "max_unavailable": 1,
                "max_unavailable_percentage": 0
              }
            ],
            "version": "1.33"
          },
          "sensitive_attributes": [],
          "private": "eyJlMmJmYjczMC1lY2FhLTExZTYtOGY4OC0zNDM2M2JjN2M0YzAiOnsiY3JlYXRlIjozNjAwMDAwMDAwMDAwLCJkZWxldGUiOjM2MDAwMDAwMDAwMDAsInVwZGF0ZSI6MzYwMDAwMDAwMDAwMH19",
          "dependencies": [
            "aws_eks_cluster.main_eks",
            "aws_iam_role.cluster_role",
            "aws_iam_role.node_role",
            "aws_iam_role_policy_attachment.eks_cluster_policy",
            "aws_iam_role_policy_attachment.eks_node_policy",
            "aws_security_group.eks_SG"
          ]
        }
      ]
    },
    {
      "mode": "managed",
      "type": "aws_eks_pod_identity_association",
      "name": "vpc_cni",
      "provider": "provider[\"registry.terraform.io/hashicorp/aws\"]",
      "instances": [
        {
          "schema_version": 0,
          "attributes": {
            "association_arn": "arn:aws:eks:ap-southeast-1:565855172450:podidentityassociation/testing_k8s/a-ebeohjbsks0i2iykm",
            "association_id": "a-ebeohjbsks0i2iykm",
            "cluster_name": "testing_k8s",
            "disable_session_tags": false,
            "external_id": null,
            "id": "a-ebeohjbsks0i2iykm",
            "namespace": "kube-system",
            "region": "ap-southeast-1",
            "role_arn": "arn:aws:iam::565855172450:role/Terraform_AmazonEKSPodIdentityAmazonVPCCNIRole",
            "service_account": "aws-node",
            "tags": null,
            "tags_all": {},
            "target_role_arn": null
          },
          "sensitive_attributes": [],
          "dependencies": [
            "aws_eks_addon.pod_identity_agent",
            "aws_eks_cluster.main_eks",
            "aws_eks_node_group.main_node_group",
            "aws_iam_role.cluster_role",
            "aws_iam_role.node_role",
            "aws_iam_role.vpc_cni_pod_identity_role",
            "aws_iam_role_policy_attachment.eks_cluster_policy",
            "aws_iam_role_policy_attachment.eks_node_policy",
            "aws_security_group.eks_SG"
          ]
        }
      ]
    },
    {
      "mode": "managed",
      "type": "aws_iam_role",
      "name": "cluster_role",
      "provider": "provider[\"registry.terraform.io/hashicorp/aws\"]",
      "instances": [
        {
          "schema_version": 0,
          "attributes": {
            "arn": "arn:aws:iam::565855172450:role/Terraform_EKS_Cluster_Role",
            "assume_role_policy": "{\"Statement\":[{\"Action\":\"sts:AssumeRole\",\"Effect\":\"Allow\",\"Principal\":{\"Service\":\"eks.amazonaws.com\"}}],\"Version\":\"2012-10-17\"}",
            "create_date": "2025-07-14T00:59:21Z",
            "description": "",
            "force_detach_policies": false,
            "id": "Terraform_EKS_Cluster_Role",
            "inline_policy": [],
            "managed_policy_arns": [
              "arn:aws:iam::aws:policy/AmazonEKSBlockStoragePolicy",
              "arn:aws:iam::aws:policy/AmazonEKSClusterPolicy",
              "arn:aws:iam::aws:policy/AmazonEKSComputePolicy",
              "arn:aws:iam::aws:policy/AmazonEKSLoadBalancingPolicy",
              "arn:aws:iam::aws:policy/AmazonEKSNetworkingPolicy"
            ],
            "max_session_duration": 3600,
            "name": "Terraform_EKS_Cluster_Role",
            "name_prefix": "",
            "path": "/",
            "permissions_boundary": "",
            "tags": {
              "Name": "Terraform_EKS_Cluster_Role",
              "Purpose": "EKS-Cluster-Service-Role"
            },
            "tags_all": {
              "Name": "Terraform_EKS_Cluster_Role",
              "Purpose": "EKS-Cluster-Service-Role"
            },
            "unique_id": "AROAYHP4YW5RN4DGFGWWX"
          },
          "sensitive_attributes": [],
          "private": "bnVsbA=="
        }
      ]
    },
    {
      "mode": "managed",
      "type": "aws_iam_role",
      "name": "node_role",
      "provider": "provider[\"registry.terraform.io/hashicorp/aws\"]",
      "instances": [
        {
          "schema_version": 0,
          "attributes": {
            "arn": "arn:aws:iam::565855172450:role/Terraform_EKS_Node_Role",
            "assume_role_policy": "{\"Statement\":[{\"Action\":\"sts:AssumeRole\",\"Effect\":\"Allow\",\"Principal\":{\"Service\":\"ec2.amazonaws.com\"}}],\"Version\":\"2012-10-17\"}",
            "create_date": "2025-07-14T00:59:20Z",
            "description": "",
            "force_detach_policies": false,
            "id": "Terraform_EKS_Node_Role",
            "inline_policy": [],
            "managed_policy_arns": [
              "arn:aws:iam::aws:policy/AmazonEC2ContainerRegistryFullAccess",
              "arn:aws:iam::aws:policy/AmazonEC2ContainerRegistryReadOnly",
              "arn:aws:iam::aws:policy/AmazonEC2FullAccess",
              "arn:aws:iam::aws:policy/AmazonEKSLoadBalancingPolicy",
              "arn:aws:iam::aws:policy/AmazonEKSWorkerNodePolicy",
              "arn:aws:iam::aws:policy/AmazonEKS_CNI_Policy",
              "arn:aws:iam::aws:policy/ElasticLoadBalancingFullAccess",
              "arn:aws:iam::aws:policy/service-role/AmazonEFSCSIDriverPolicy"
            ],
            "max_session_duration": 3600,
            "name": "Terraform_EKS_Node_Role",
            "name_prefix": "",
            "path": "/",
            "permissions_boundary": "",
            "tags": {
              "Name": "Terraform_EKS_Node_Role",
              "eks:eks-cluster-name": "testing_k8s"
            },
            "tags_all": {
              "Name": "Terraform_EKS_Node_Role",
              "eks:eks-cluster-name": "testing_k8s"
            },
            "unique_id": "AROAYHP4YW5RA6RXPBH4B"
          },
          "sensitive_attributes": [],
          "private": "bnVsbA=="
        }
      ]
    },
    {
      "mode": "managed",
      "type": "aws_iam_role",
      "name": "vpc_cni_pod_identity_role",
      "provider": "provider[\"registry.terraform.io/hashicorp/aws\"]",
      "instances": [
        {
          "schema_version": 0,
          "attributes": {
            "arn": "arn:aws:iam::565855172450:role/Terraform_AmazonEKSPodIdentityAmazonVPCCNIRole",
            "assume_role_policy": "{\"Statement\":[{\"Action\":[\"sts:AssumeRole\",\"sts:TagSession\"],\"Effect\":\"Allow\",\"Principal\":{\"Service\":\"pods.eks.amazonaws.com\"}}],\"Version\":\"2012-10-17\"}",
            "create_date": "2025-07-14T00:59:21Z",
            "description": "",
            "force_detach_policies": false,
            "id": "Terraform_AmazonEKSPodIdentityAmazonVPCCNIRole",
            "inline_policy": [],
            "managed_policy_arns": [
              "arn:aws:iam::aws:policy/AmazonEKS_CNI_Policy"
            ],
            "max_session_duration": 3600,
            "name": "Terraform_AmazonEKSPodIdentityAmazonVPCCNIRole",
            "name_prefix": "",
            "path": "/",
            "permissions_boundary": "",
            "tags": {
              "Name": "Terraform_VPC_CNI_Pod_Identity_Role",
              "Purpose": "EKS-VPC-CNI-Pod-Identity"
            },
            "tags_all": {
              "Name": "Terraform_VPC_CNI_Pod_Identity_Role",
              "Purpose": "EKS-VPC-CNI-Pod-Identity"
            },
            "unique_id": "AROAYHP4YW5RPBN2JRKDU"
          },
          "sensitive_attributes": [],
          "private": "bnVsbA=="
        }
      ]
    },
    {
      "mode": "managed",
      "type": "aws_iam_role_policy_attachment",
      "name": "eks_cluster_policy",
      "provider": "provider[\"registry.terraform.io/hashicorp/aws\"]",
      "instances": [
        {
          "index_key": "arn:aws:iam::aws:policy/AmazonEKSBlockStoragePolicy",
          "schema_version": 0,
          "attributes": {
            "id": "Terraform_EKS_Cluster_Role/arn:aws:iam::aws:policy/AmazonEKSBlockStoragePolicy",
            "policy_arn": "arn:aws:iam::aws:policy/AmazonEKSBlockStoragePolicy",
            "role": "Terraform_EKS_Cluster_Role"
          },
          "sensitive_attributes": [],
          "private": "bnVsbA==",
          "dependencies": [
            "aws_iam_role.cluster_role"
          ]
        },
        {
          "index_key": "arn:aws:iam::aws:policy/AmazonEKSClusterPolicy",
          "schema_version": 0,
          "attributes": {
            "id": "Terraform_EKS_Cluster_Role/arn:aws:iam::aws:policy/AmazonEKSClusterPolicy",
            "policy_arn": "arn:aws:iam::aws:policy/AmazonEKSClusterPolicy",
            "role": "Terraform_EKS_Cluster_Role"
          },
          "sensitive_attributes": [],
          "private": "bnVsbA==",
          "dependencies": [
            "aws_iam_role.cluster_role"
          ]
        },
        {
          "index_key": "arn:aws:iam::aws:policy/AmazonEKSComputePolicy",
          "schema_version": 0,
          "attributes": {
            "id": "Terraform_EKS_Cluster_Role/arn:aws:iam::aws:policy/AmazonEKSComputePolicy",
            "policy_arn": "arn:aws:iam::aws:policy/AmazonEKSComputePolicy",
            "role": "Terraform_EKS_Cluster_Role"
          },
          "sensitive_attributes": [],
          "private": "bnVsbA==",
          "dependencies": [
            "aws_iam_role.cluster_role"
          ]
        },
        {
          "index_key": "arn:aws:iam::aws:policy/AmazonEKSLoadBalancingPolicy",
          "schema_version": 0,
          "attributes": {
            "id": "Terraform_EKS_Cluster_Role/arn:aws:iam::aws:policy/AmazonEKSLoadBalancingPolicy",
            "policy_arn": "arn:aws:iam::aws:policy/AmazonEKSLoadBalancingPolicy",
            "role": "Terraform_EKS_Cluster_Role"
          },
          "sensitive_attributes": [],
          "private": "bnVsbA==",
          "dependencies": [
            "aws_iam_role.cluster_role"
          ]
        },
        {
          "index_key": "arn:aws:iam::aws:policy/AmazonEKSNetworkingPolicy",
          "schema_version": 0,
          "attributes": {
            "id": "Terraform_EKS_Cluster_Role/arn:aws:iam::aws:policy/AmazonEKSNetworkingPolicy",
            "policy_arn": "arn:aws:iam::aws:policy/AmazonEKSNetworkingPolicy",
            "role": "Terraform_EKS_Cluster_Role"
          },
          "sensitive_attributes": [],
          "private": "bnVsbA==",
          "dependencies": [
            "aws_iam_role.cluster_role"
          ]
        }
      ]
    },
    {
      "mode": "managed",
      "type": "aws_iam_role_policy_attachment",
      "name": "eks_node_policy",
      "provider": "provider[\"registry.terraform.io/hashicorp/aws\"]",
      "instances": [
        {
          "index_key": "arn:aws:iam::aws:policy/AmazonEC2ContainerRegistryFullAccess",
          "schema_version": 0,
          "attributes": {
            "id": "Terraform_EKS_Node_Role/arn:aws:iam::aws:policy/AmazonEC2ContainerRegistryFullAccess",
            "policy_arn": "arn:aws:iam::aws:policy/AmazonEC2ContainerRegistryFullAccess",
            "role": "Terraform_EKS_Node_Role"
          },
          "sensitive_attributes": [],
          "private": "bnVsbA==",
          "dependencies": [
            "aws_iam_role.node_role"
          ]
        },
        {
          "index_key": "arn:aws:iam::aws:policy/AmazonEC2ContainerRegistryReadOnly",
          "schema_version": 0,
          "attributes": {
            "id": "Terraform_EKS_Node_Role/arn:aws:iam::aws:policy/AmazonEC2ContainerRegistryReadOnly",
            "policy_arn": "arn:aws:iam::aws:policy/AmazonEC2ContainerRegistryReadOnly",
            "role": "Terraform_EKS_Node_Role"
          },
          "sensitive_attributes": [],
          "private": "bnVsbA==",
          "dependencies": [
            "aws_iam_role.node_role"
          ]
        },
        {
          "index_key": "arn:aws:iam::aws:policy/AmazonEC2FullAccess",
          "schema_version": 0,
          "attributes": {
            "id": "Terraform_EKS_Node_Role/arn:aws:iam::aws:policy/AmazonEC2FullAccess",
            "policy_arn": "arn:aws:iam::aws:policy/AmazonEC2FullAccess",
            "role": "Terraform_EKS_Node_Role"
          },
          "sensitive_attributes": [],
          "private": "bnVsbA==",
          "dependencies": [
            "aws_iam_role.node_role"
          ]
        },
        {
          "index_key": "arn:aws:iam::aws:policy/AmazonEKSLoadBalancingPolicy",
          "schema_version": 0,
          "attributes": {
            "id": "Terraform_EKS_Node_Role/arn:aws:iam::aws:policy/AmazonEKSLoadBalancingPolicy",
            "policy_arn": "arn:aws:iam::aws:policy/AmazonEKSLoadBalancingPolicy",
            "role": "Terraform_EKS_Node_Role"
          },
          "sensitive_attributes": [],
          "private": "bnVsbA==",
          "dependencies": [
            "aws_iam_role.node_role"
          ]
        },
        {
          "index_key": "arn:aws:iam::aws:policy/AmazonEKSWorkerNodePolicy",
          "schema_version": 0,
          "attributes": {
            "id": "Terraform_EKS_Node_Role/arn:aws:iam::aws:policy/AmazonEKSWorkerNodePolicy",
            "policy_arn": "arn:aws:iam::aws:policy/AmazonEKSWorkerNodePolicy",
            "role": "Terraform_EKS_Node_Role"
          },
          "sensitive_attributes": [],
          "private": "bnVsbA==",
          "dependencies": [
            "aws_iam_role.node_role"
          ]
        },
        {
          "index_key": "arn:aws:iam::aws:policy/AmazonEKS_CNI_Policy",
          "schema_version": 0,
          "attributes": {
            "id": "Terraform_EKS_Node_Role/arn:aws:iam::aws:policy/AmazonEKS_CNI_Policy",
            "policy_arn": "arn:aws:iam::aws:policy/AmazonEKS_CNI_Policy",
            "role": "Terraform_EKS_Node_Role"
          },
          "sensitive_attributes": [],
          "private": "bnVsbA==",
          "dependencies": [
            "aws_iam_role.node_role"
          ]
        },
        {
          "index_key": "arn:aws:iam::aws:policy/ElasticLoadBalancingFullAccess",
          "schema_version": 0,
          "attributes": {
            "id": "Terraform_EKS_Node_Role/arn:aws:iam::aws:policy/ElasticLoadBalancingFullAccess",
            "policy_arn": "arn:aws:iam::aws:policy/ElasticLoadBalancingFullAccess",
            "role": "Terraform_EKS_Node_Role"
          },
          "sensitive_attributes": [],
          "private": "bnVsbA==",
          "dependencies": [
            "aws_iam_role.node_role"
          ]
        },
        {
          "index_key": "arn:aws:iam::aws:policy/service-role/AmazonEFSCSIDriverPolicy",
          "schema_version": 0,
          "attributes": {
            "id": "Terraform_EKS_Node_Role/arn:aws:iam::aws:policy/service-role/AmazonEFSCSIDriverPolicy",
            "policy_arn": "arn:aws:iam::aws:policy/service-role/AmazonEFSCSIDriverPolicy",
            "role": "Terraform_EKS_Node_Role"
          },
          "sensitive_attributes": [],
          "private": "bnVsbA==",
          "dependencies": [
            "aws_iam_role.node_role"
          ]
        }
      ]
    },
    {
      "mode": "managed",
      "type": "aws_iam_role_policy_attachment",
      "name": "eks_vpc_cni_policy",
      "provider": "provider[\"registry.terraform.io/hashicorp/aws\"]",
      "instances": [
        {
          "schema_version": 0,
          "attributes": {
            "id": "Terraform_AmazonEKSPodIdentityAmazonVPCCNIRole/arn:aws:iam::aws:policy/AmazonEKS_CNI_Policy",
            "policy_arn": "arn:aws:iam::aws:policy/AmazonEKS_CNI_Policy",
            "role": "Terraform_AmazonEKSPodIdentityAmazonVPCCNIRole"
          },
          "sensitive_attributes": [],
          "private": "bnVsbA==",
          "dependencies": [
            "aws_iam_role.vpc_cni_pod_identity_role"
          ]
        }
      ]
    },
    {
      "mode": "managed",
      "type": "aws_security_group",
      "name": "eks_SG",
      "provider": "provider[\"registry.terraform.io/hashicorp/aws\"]",
      "instances": [
        {
          "schema_version": 1,
          "attributes": {
            "arn": "arn:aws:ec2:ap-southeast-1:565855172450:security-group/sg-06c5fc52d6d73e51d",
            "description": "EKS_Terraform_SG",
            "egress": [
              {
                "cidr_blocks": [
                  "0.0.0.0/0"
                ],
                "description": "",
                "from_port": 0,
                "ipv6_cidr_blocks": [],
                "prefix_list_ids": [],
                "protocol": "-1",
                "security_groups": [],
                "self": false,
                "to_port": 0
              }
            ],
            "id": "sg-06c5fc52d6d73e51d",
            "ingress": [
              {
                "cidr_blocks": [
                  "10.0.0.0/24"
                ],
                "description": "Inbound Rule",
                "from_port": 30000,
                "ipv6_cidr_blocks": [],
                "prefix_list_ids": [],
                "protocol": "tcp",
                "security_groups": [],
                "self": false,
                "to_port": 30000
              },
              {
                "cidr_blocks": [
                  "10.0.0.0/24"
                ],
                "description": "Inbound Rule",
                "from_port": 443,
                "ipv6_cidr_blocks": [],
                "prefix_list_ids": [],
                "protocol": "tcp",
                "security_groups": [],
                "self": false,
                "to_port": 443
              },
              {
                "cidr_blocks": [
                  "10.0.0.0/24"
                ],
                "description": "Inbound Rule",
                "from_port": 6443,
                "ipv6_cidr_blocks": [],
                "prefix_list_ids": [],
                "protocol": "tcp",
                "security_groups": [],
                "self": false,
                "to_port": 6443
              },
              {
                "cidr_blocks": [
                  "10.0.0.0/24"
                ],
                "description": "Inbound Rule",
                "from_port": 80,
                "ipv6_cidr_blocks": [],
                "prefix_list_ids": [],
                "protocol": "tcp",
                "security_groups": [],
                "self": false,
                "to_port": 80
              }
            ],
            "name": "EKS_Terraform_SG",
            "name_prefix": "",
            "owner_id": "565855172450",
            "region": "ap-southeast-1",
            "revoke_rules_on_delete": false,
            "tags": {
              "Name": "EKS_Terraform_SG"
            },
            "tags_all": {
              "Name": "EKS_Terraform_SG"
            },
            "timeouts": null,
            "vpc_id": "vpc-03ef2d5b99ca1aedc"
          },
          "sensitive_attributes": [],
          "private": "eyJlMmJmYjczMC1lY2FhLTExZTYtOGY4OC0zNDM2M2JjN2M0YzAiOnsiY3JlYXRlIjo2MDAwMDAwMDAwMDAsImRlbGV0ZSI6OTAwMDAwMDAwMDAwfSwic2NoZW1hX3ZlcnNpb24iOiIxIn0="
        }
      ]
    }
  ],
  "check_results": null
}
